
Microsoft Visual Studio Solution File, Format Version 12.00
# Visual Studio 15
VisualStudioVersion = 15.0.28307.421
MinimumVisualStudioVersion = 10.0.40219.1
Project("{FAE04EC0-301F-11D3-BF4B-00C04F79EFBC}") = "DutchTreat", "DutchTreat\DutchTreat.csproj", "{AF8FABC5-A1A8-40E8-A75C-9E7FC933096B}"
EndProject
Global
	GlobalSection(SolutionConfigurationPlatforms) = preSolution
		Debug|Any CPU = Debug|Any CPU
		Release|Any CPU = Release|Any CPU
	EndGlobalSection
	GlobalSection(ProjectConfigurationPlatforms) = postSolution
		{AF8FABC5-A1A8-40E8-A75C-9E7FC933096B}.Debug|Any CPU.ActiveCfg = Debug|Any CPU
		{AF8FABC5-A1A8-40E8-A75C-9E7FC933096B}.Debug|Any CPU.Build.0 = Debug|Any CPU
		{AF8FABC5-A1A8-40E8-A75C-9E7FC933096B}.Release|Any CPU.ActiveCfg = Release|Any CPU
		{AF8FABC5-A1A8-40E8-A75C-9E7FC933096B}.Release|Any CPU.Build.0 = Release|Any CPU
	EndGlobalSection
	GlobalSection(SolutionProperties) = preSolution
		HideSolutionNode = FALSE
	EndGlobalSection
	GlobalSection(ExtensibilityGlobals) = postSolution
		SolutionGuid = {7BCA6125-FFAC-495F-883B-135670D38DBB}
	EndGlobalSection
EndGlobal
